
Microsoft Visual Studio Solution File, Format Version 12.00
# Visual Studio 14
VisualStudioVersion = 14.0.25420.1
MinimumVisualStudioVersion = 10.0.40219.1
Project("{FAE04EC0-301F-11D3-BF4B-00C04F79EFBC}") = "OnLineShop.Data", "OnLineShop.Data\OnLineShop.Data.csproj", "{23C3BD06-F39E-409B-9F23-C8B3BDC0957E}"
EndProject
Project("{FAE04EC0-301F-11D3-BF4B-00C04F79EFBC}") = "OnLineShop.Data.Models", "OnLineShop.Data.Models\OnLineShop.Data.Models.csproj", "{056E42D9-7AB6-4346-92AF-167BE6F540B9}"
EndProject
Project("{FAE04EC0-301F-11D3-BF4B-00C04F79EFBC}") = "OnLineShop.Data.Services", "OnLineShop.Data.Services\OnLineShop.Data.Services.csproj", "{510ECBD5-3F85-45A0-8476-73E106B2A1CB}"
EndProject
Project("{FAE04EC0-301F-11D3-BF4B-00C04F79EFBC}") = "OnLineShop.MVP", "OnLineShop.MVP\OnLineShop.MVP.csproj", "{53BB6785-696A-4FCB-87D4-A701489208FE}"
EndProject
Project("{FAE04EC0-301F-11D3-BF4B-00C04F79EFBC}") = "OnLineShop.Web", "OnLineShop.Web\OnLineShop.Web.csproj", "{390EDF02-F0D1-4C00-8417-CEEF7949A008}"
EndProject
Project("{2150E333-8FDC-42A3-9474-1A3956D46DE8}") = "Tests", "Tests", "{21F4832F-6848-44D8-BFBF-E4F32545D4E0}"
EndProject
Project("{FAE04EC0-301F-11D3-BF4B-00C04F79EFBC}") = "OnLineShop.Mvp.Tests", "OnLineShop.Mvp.Tests\OnLineShop.Mvp.Tests.csproj", "{C099E73D-20E6-4E93-BC82-D17F40633613}"
EndProject
Project("{FAE04EC0-301F-11D3-BF4B-00C04F79EFBC}") = "OnLineShop.Services.Tests", "OnLineShop.Services.Tests\OnLineShop.Services.Tests.csproj", "{49F203FA-B504-4002-92D5-46B5636F306B}"
EndProject
Global
	GlobalSection(SolutionConfigurationPlatforms) = preSolution
		Debug|Any CPU = Debug|Any CPU
		Release|Any CPU = Release|Any CPU
	EndGlobalSection
	GlobalSection(ProjectConfigurationPlatforms) = postSolution
		{23C3BD06-F39E-409B-9F23-C8B3BDC0957E}.Debug|Any CPU.ActiveCfg = Debug|Any CPU
		{23C3BD06-F39E-409B-9F23-C8B3BDC0957E}.Debug|Any CPU.Build.0 = Debug|Any CPU
		{23C3BD06-F39E-409B-9F23-C8B3BDC0957E}.Release|Any CPU.ActiveCfg = Release|Any CPU
		{23C3BD06-F39E-409B-9F23-C8B3BDC0957E}.Release|Any CPU.Build.0 = Release|Any CPU
		{056E42D9-7AB6-4346-92AF-167BE6F540B9}.Debug|Any CPU.ActiveCfg = Debug|Any CPU
		{056E42D9-7AB6-4346-92AF-167BE6F540B9}.Debug|Any CPU.Build.0 = Debug|Any CPU
		{056E42D9-7AB6-4346-92AF-167BE6F540B9}.Release|Any CPU.ActiveCfg = Release|Any CPU
		{056E42D9-7AB6-4346-92AF-167BE6F540B9}.Release|Any CPU.Build.0 = Release|Any CPU
		{510ECBD5-3F85-45A0-8476-73E106B2A1CB}.Debug|Any CPU.ActiveCfg = Debug|Any CPU
		{510ECBD5-3F85-45A0-8476-73E106B2A1CB}.Debug|Any CPU.Build.0 = Debug|Any CPU
		{510ECBD5-3F85-45A0-8476-73E106B2A1CB}.Release|Any CPU.ActiveCfg = Release|Any CPU
		{510ECBD5-3F85-45A0-8476-73E106B2A1CB}.Release|Any CPU.Build.0 = Release|Any CPU
		{53BB6785-696A-4FCB-87D4-A701489208FE}.Debug|Any CPU.ActiveCfg = Debug|Any CPU
		{53BB6785-696A-4FCB-87D4-A701489208FE}.Debug|Any CPU.Build.0 = Debug|Any CPU
		{53BB6785-696A-4FCB-87D4-A701489208FE}.Release|Any CPU.ActiveCfg = Release|Any CPU
		{53BB6785-696A-4FCB-87D4-A701489208FE}.Release|Any CPU.Build.0 = Release|Any CPU
		{390EDF02-F0D1-4C00-8417-CEEF7949A008}.Debug|Any CPU.ActiveCfg = Debug|Any CPU
		{390EDF02-F0D1-4C00-8417-CEEF7949A008}.Debug|Any CPU.Build.0 = Debug|Any CPU
		{390EDF02-F0D1-4C00-8417-CEEF7949A008}.Release|Any CPU.ActiveCfg = Release|Any CPU
		{390EDF02-F0D1-4C00-8417-CEEF7949A008}.Release|Any CPU.Build.0 = Release|Any CPU
		{C099E73D-20E6-4E93-BC82-D17F40633613}.Debug|Any CPU.ActiveCfg = Debug|Any CPU
		{C099E73D-20E6-4E93-BC82-D17F40633613}.Debug|Any CPU.Build.0 = Debug|Any CPU
		{C099E73D-20E6-4E93-BC82-D17F40633613}.Release|Any CPU.ActiveCfg = Release|Any CPU
		{C099E73D-20E6-4E93-BC82-D17F40633613}.Release|Any CPU.Build.0 = Release|Any CPU
		{49F203FA-B504-4002-92D5-46B5636F306B}.Debug|Any CPU.ActiveCfg = Debug|Any CPU
		{49F203FA-B504-4002-92D5-46B5636F306B}.Debug|Any CPU.Build.0 = Debug|Any CPU
		{49F203FA-B504-4002-92D5-46B5636F306B}.Release|Any CPU.ActiveCfg = Release|Any CPU
		{49F203FA-B504-4002-92D5-46B5636F306B}.Release|Any CPU.Build.0 = Release|Any CPU
	EndGlobalSection
	GlobalSection(SolutionProperties) = preSolution
		HideSolutionNode = FALSE
	EndGlobalSection
	GlobalSection(NestedProjects) = preSolution
		{C099E73D-20E6-4E93-BC82-D17F40633613} = {21F4832F-6848-44D8-BFBF-E4F32545D4E0}
		{49F203FA-B504-4002-92D5-46B5636F306B} = {21F4832F-6848-44D8-BFBF-E4F32545D4E0}
	EndGlobalSection
EndGlobal
